{
  "name": "cocoframe",
  "version": "0.0.6",
  "lockfileVersion": 3,
  "requires": true,
  "packages": {
    "": {
      "name": "cocoframe",
      "version": "0.0.6",
      "workspaces": [
        "packages/*",
        "examples/*"
      ],
      "devDependencies": {
        "@playwright/test": "^1.62.1",
        "@types/node": "^24.0.0",
        "rolldown": "^1.0.0",
        "typescript": "^5.9.0"
      }
    },
    "examples/basic": {
      "name": "@cocoframe/example-basic",
      "version": "0.0.1",
      "dependencies": {
        "@cocoframe/client": "0.0.4",
        "@cocoframe/core": "0.0.4",
        "@cocoframe/forms": "0.0.4",
        "@cocoframe/icons": "0.0.3",
        "@cocoframe/jsx": "0.0.3",
        "@cocoframe/observability": "0.0.4",
        "@cocoframe/schema": "0.0.3",
        "@cocoframe/security": "0.0.4",
        "@cocoframe/ui": "0.0.4"
      }
    },
    "node_modules/@cocoframe/agent": {
      "resolved": "packages/agent",
      "link": true
    },
    "node_modules/@cocoframe/auth": {
      "resolved": "packages/auth",
      "link": true
    },
    "node_modules/@cocoframe/cli": {
      "resolved": "packages/cli",
      "link": true
    },
    "node_modules/@cocoframe/client": {
      "resolved": "packages/client",
      "link": true
    },
    "node_modules/@cocoframe/cocoql": {
      "resolved": "packages/cocoql",
      "link": true
    },
    "node_modules/@cocoframe/cocoref": {
      "resolved": "packages/cocoref",
      "link": true
    },
    "node_modules/@cocoframe/core": {
      "resolved": "packages/core",
      "link": true
    },
    "node_modules/@cocoframe/database": {
      "resolved": "packages/database",
      "link": true
    },
    "node_modules/@cocoframe/database-postgres": {
      "resolved": "packages/database-postgres",
      "link": true
    },
    "node_modules/@cocoframe/database-sqlite": {
      "resolved": "packages/database-sqlite",
      "link": true
    },
    "node_modules/@cocoframe/example-basic": {
      "resolved": "examples/basic",
      "link": true
    },
    "node_modules/@cocoframe/forms": {
      "resolved": "packages/forms",
      "link": true
    },
    "node_modules/@cocoframe/icons": {
      "resolved": "packages/icons",
      "link": true
    },
    "node_modules/@cocoframe/jsx": {
      "resolved": "packages/jsx",
      "link": true
    },
    "node_modules/@cocoframe/observability": {
      "resolved": "packages/observability",
      "link": true
    },
    "node_modules/@cocoframe/qa": {
      "resolved": "packages/qa",
      "link": true
    },
    "node_modules/@cocoframe/router": {
      "resolved": "packages/router",
      "link": true
    },
    "node_modules/@cocoframe/schema": {
      "resolved": "packages/schema",
      "link": true
    },
    "node_modules/@cocoframe/security": {
      "resolved": "packages/security",
      "link": true
    },
    "node_modules/@cocoframe/server-node": {
      "resolved": "packages/server-node",
      "link": true
    },
    "node_modules/@cocoframe/server-web": {
      "resolved": "packages/server-web",
      "link": true
    },
    "node_modules/@cocoframe/specs": {
      "resolved": "packages/specs",
      "link": true
    },
    "node_modules/@cocoframe/ui": {
      "resolved": "packages/ui",
      "link": true
    },
    "node_modules/@modelcontextprotocol/core": {
      "version": "2.0.0",
      "resolved": "https://registry.npmjs.org/@modelcontextprotocol/core/-/core-2.0.0.tgz",
      "integrity": "sha512-pJCEwGG7Lfr/+PQp9ZTwKXNeO5wzbfKL7H3MYpCorM4oFBoQrdjnBgEoqG+RjhsvS1FKrDbKux+M1HhlnGWqcA==",
      "license": "MIT",
      "dependencies": {
        "zod": "^4.2.0"
      },
      "engines": {
        "node": ">=20"
      }
    },
    "node_modules/@modelcontextprotocol/server": {
      "version": "2.0.0",
      "resolved": "https://registry.npmjs.org/@modelcontextprotocol/server/-/server-2.0.0.tgz",
      "integrity": "sha512-YhHWdHfpFMQfd0prsEnxKeS3Qz3ytIGmsS0sth4KDjnacIT7hxk6hXHkJ9KysxlkvTM+WZAtQbbcUhdoP4Hvtw==",
      "license": "MIT",
      "dependencies": {
        "@modelcontextprotocol/core": "2.0.0",
        "zod": "^4.2.0"
      },
      "engines": {
        "node": ">=20"
      }
    },
    "node_modules/@oxc-project/types": {
      "version": "0.146.0",
      "resolved": "https://registry.npmjs.org/@oxc-project/types/-/types-0.146.0.tgz",
      "integrity": "sha512-XC0QsnnhVe7sLIWmYmdPw7x5P0h4W8vUU3Nv1ySgWXtvCz8NizoAEpGXA0sOYoJQV2Rl13LgURAHQ5cI5ILCSA==",
      "license": "MIT",
      "funding": {
        "url": "https://github.com/sponsors/Boshen"
      }
    },
    "node_modules/@playwright/test": {
      "version": "1.62.1",
      "resolved": "https://registry.npmjs.org/@playwright/test/-/test-1.62.1.tgz",
      "integrity": "sha512-DTcUc8qii+cpHvtOwggMtBRMjKZHXYWdw8syRYu2vtzuq4Wxphqq4NfCs5Zt44L6mA8rfDfj+PHnxFc/FeK6mQ==",
      "dev": true,
      "license": "Apache-2.0",
      "dependencies": {
        "playwright": "1.62.1"
      },
      "bin": {
        "playwright": "cli.js"
      },
      "engines": {
        "node": ">=20"
      }
    },
    "node_modules/@rolldown/binding-android-arm-eabi": {
      "version": "1.2.5",
      "resolved": "https://registry.npmjs.org/@rolldown/binding-android-arm-eabi/-/binding-android-arm-eabi-1.2.5.tgz",
      "integrity": "sha512-DLe/i+l8ynIBY7XEQ191TeZvCoowIGa18R+dIV30GW7DiOtp74i/xX8hs8GUjW5ARV7VZuie3d6AumSmCwbeRA==",
      "cpu": [
        "arm"
      ],
      "license": "MIT",
      "optional": true,
      "os": [
        "android"
      ],
      "engines": {
        "node": "^20.19.0 || >=22.12.0"
      }
    },
    "node_modules/@rolldown/binding-android-arm64": {
      "version": "1.2.5",
      "resolved": "https://registry.npmjs.org/@rolldown/binding-android-arm64/-/binding-android-arm64-1.2.5.tgz",
      "integrity": "sha512-zXcwKlQApYAOELHd8PwKDFkagYF9Wy4e0RJ+0qnzl9Pjnpj75TEG8ufv40p2J7kCEfwZAsNiuzRIyNNMWT38ig==",
      "cpu": [
        "arm64"
      ],
      "license": "MIT",
      "optional": true,
      "os": [
        "android"
      ],
      "engines": {
        "node": "^20.19.0 || >=22.12.0"
      }
    },
    "node_modules/@rolldown/binding-darwin-arm64": {
      "version": "1.2.5",
      "resolved": "https://registry.npmjs.org/@rolldown/binding-darwin-arm64/-/binding-darwin-arm64-1.2.5.tgz",
      "integrity": "sha512-dK4QakI42nzWgJT5sm4y4y/O//D4OxM75/cH28RLV+nzIN9AY+YsbuUVrUTjlLjXR6vpyxFbSsbmNuJ6BP9sww==",
      "cpu": [
        "arm64"
      ],
      "license": "MIT",
      "optional": true,
      "os": [
        "darwin"
      ],
      "engines": {
        "node": "^20.19.0 || >=22.12.0"
      }
    },
    "node_modules/@rolldown/binding-darwin-x64": {
      "version": "1.2.5",
      "resolved": "https://registry.npmjs.org/@rolldown/binding-darwin-x64/-/binding-darwin-x64-1.2.5.tgz",
      "integrity": "sha512-fqSALaUu1Wjd1nK2uW2kJDWdLCc8lx1IcY+MTY26Aurfdx19anlzhqXOgCFbBFQnlFDTn4TC1/7Nz4Bl2mLP3A==",
      "cpu": [
        "x64"
      ],
      "license": "MIT",
      "optional": true,
      "os": [
        "darwin"
      ],
      "engines": {
        "node": "^20.19.0 || >=22.12.0"
      }
    },
    "node_modules/@rolldown/binding-freebsd-x64": {
      "version": "1.2.5",
      "resolved": "https://registry.npmjs.org/@rolldown/binding-freebsd-x64/-/binding-freebsd-x64-1.2.5.tgz",
      "integrity": "sha512-/vCnNxlkxs9tKxNDcyWUePpJ/PgTzxIaVhoM5SmG8UV+GR/IcPam4VYxi7GIMo7PSDuNqlJqvprqii9NqqVCMw==",
      "cpu": [
        "x64"
      ],
      "license": "MIT",
      "optional": true,
      "os": [
        "freebsd"
      ],
      "engines": {
        "node": "^20.19.0 || >=22.12.0"
      }
    },
    "node_modules/@rolldown/binding-linux-arm-gnueabihf": {
      "version": "1.2.5",
      "resolved": "https://registry.npmjs.org/@rolldown/binding-linux-arm-gnueabihf/-/binding-linux-arm-gnueabihf-1.2.5.tgz",
      "integrity": "sha512-abk0NLA519LxRCszmbE0jYKuQ9YPocOXTiOXOo6Yr+YAT95VH+PtqYAjOJvGKt3viEd/x4qzabAlwd5bHOOARg==",
      "cpu": [
        "arm"
      ],
      "license": "MIT",
      "optional": true,
      "os": [
        "linux"
      ],
      "engines": {
        "node": "^20.19.0 || >=22.12.0"
      }
    },
    "node_modules/@rolldown/binding-linux-arm64-gnu": {
      "version": "1.2.5",
      "resolved": "https://registry.npmjs.org/@rolldown/binding-linux-arm64-gnu/-/binding-linux-arm64-gnu-1.2.5.tgz",
      "integrity": "sha512-Y7eALiJ8lr0M2HH103Js+g7V34wf6snlpZLAsHI90uLhr3PVlNsbFVAXJC9d/V6BnPyKtpSwI+NcB/RLxsQxuA==",
      "cpu": [
        "arm64"
      ],
      "libc": [
        "glibc"
      ],
      "license": "MIT",
      "optional": true,
      "os": [
        "linux"
      ],
      "engines": {
        "node": "^20.19.0 || >=22.12.0"
      }
    },
    "node_modules/@rolldown/binding-linux-arm64-musl": {
      "version": "1.2.5",
      "resolved": "https://registry.npmjs.org/@rolldown/binding-linux-arm64-musl/-/binding-linux-arm64-musl-1.2.5.tgz",
      "integrity": "sha512-xMvZgnbZg4YVnR/AX2b3oOPDTFYJvUVaJg5FedA/LuvexAtXibZQej4cnTkw3rjsJ/ggUROB64TdtETiim+FYA==",
      "cpu": [
        "arm64"
      ],
      "libc": [
        "musl"
      ],
      "license": "MIT",
      "optional": true,
      "os": [
        "linux"
      ],
      "engines": {
        "node": "^20.19.0 || >=22.12.0"
      }
    },
    "node_modules/@rolldown/binding-linux-ppc64-gnu": {
      "version": "1.2.5",
      "resolved": "https://registry.npmjs.org/@rolldown/binding-linux-ppc64-gnu/-/binding-linux-ppc64-gnu-1.2.5.tgz",
      "integrity": "sha512-GRjeqTUDHTo5GwntsLaAMcBahG3nlpjftXWZLN73HiYQlhwEowvarFgQnRnQZtIp4keXX7quXFbG38uPZBa2EA==",
      "cpu": [
        "ppc64"
      ],
      "libc": [
        "glibc"
      ],
      "license": "MIT",
      "optional": true,
      "os": [
        "linux"
      ],
      "engines": {
        "node": "^20.19.0 || >=22.12.0"
      }
    },
    "node_modules/@rolldown/binding-linux-s390x-gnu": {
      "version": "1.2.5",
      "resolved": "https://registry.npmjs.org/@rolldown/binding-linux-s390x-gnu/-/binding-linux-s390x-gnu-1.2.5.tgz",
      "integrity": "sha512-vLNTR45F2Uwc8AufkNXPmB4VliaXs+FvcheEogIzOXzO4l+LzieXF5A/TWxLy5HtqpsRCHUfd0lPVrrdgXdLHQ==",
      "cpu": [
        "s390x"
      ],
      "libc": [
        "glibc"
      ],
      "license": "MIT",
      "optional": true,
      "os": [
        "linux"
      ],
      "engines": {
        "node": "^20.19.0 || >=22.12.0"
      }
    },
    "node_modules/@rolldown/binding-linux-x64-gnu": {
      "version": "1.2.5",
      "resolved": "https://registry.npmjs.org/@rolldown/binding-linux-x64-gnu/-/binding-linux-x64-gnu-1.2.5.tgz",
      "integrity": "sha512-Mgj59/HTuYeK9Gz2MA+mBWKnHsAgkBSec15ZMb1st3oIfFbX7gCjOae7GydHhzcyQi9Z/7M1QuN9bR3oFqF0jQ==",
      "cpu": [
        "x64"
      ],
      "libc": [
        "glibc"
      ],
      "license": "MIT",
      "optional": true,
      "os": [
        "linux"
      ],
      "engines": {
        "node": "^20.19.0 || >=22.12.0"
      }
    },
    "node_modules/@rolldown/binding-linux-x64-musl": {
      "version": "1.2.5",
      "resolved": "https://registry.npmjs.org/@rolldown/binding-linux-x64-musl/-/binding-linux-x64-musl-1.2.5.tgz",
      "integrity": "sha512-mY8AP0/ichsbhAxGnLa3d3+MwV0EfgrPND2bplI3Ym8T6R2pJ0N87bvrKVwNXmdy3jnr6eQBecdqx/HMknBmpA==",
      "cpu": [
        "x64"
      ],
      "libc": [
        "musl"
      ],
      "license": "MIT",
      "optional": true,
      "os": [
        "linux"
      ],
      "engines": {
        "node": "^20.19.0 || >=22.12.0"
      }
    },
    "node_modules/@rolldown/binding-openharmony-arm64": {
      "version": "1.2.5",
      "resolved": "https://registry.npmjs.org/@rolldown/binding-openharmony-arm64/-/binding-openharmony-arm64-1.2.5.tgz",
      "integrity": "sha512-8SLssA2oweAxyRgDp789ACfRb/3P+zNRJpzZxSizxF9m8NUDQ4+3xjo8ttjhVGGw6Qxb70oZiEtIjaKikCO7Yw==",
      "cpu": [
        "arm64"
      ],
      "license": "MIT",
      "optional": true,
      "os": [
        "openharmony"
      ],
      "engines": {
        "node": "^20.19.0 || >=22.12.0"
      }
    },
    "node_modules/@rolldown/binding-win32-arm64-msvc": {
      "version": "1.2.5",
      "resolved": "https://registry.npmjs.org/@rolldown/binding-win32-arm64-msvc/-/binding-win32-arm64-msvc-1.2.5.tgz",
      "integrity": "sha512-vGbruD5zquhoc8D9SViXgN2FBJtNdTyQ4DtG+SWiEGlJiAzoKcZ2xp+xuXCffhubVdt0NJlTZqkeRuERy7g8Cw==",
      "cpu": [
        "arm64"
      ],
      "license": "MIT",
      "optional": true,
      "os": [
        "win32"
      ],
      "engines": {
        "node": "^20.19.0 || >=22.12.0"
      }
    },
    "node_modules/@rolldown/binding-win32-x64-msvc": {
      "version": "1.2.5",
      "resolved": "https://registry.npmjs.org/@rolldown/binding-win32-x64-msvc/-/binding-win32-x64-msvc-1.2.5.tgz",
      "integrity": "sha512-e/SXpgISz+IoqVcSSI0rx/d/he8zqLex+/rCWpnHpmVfmPIUjag9H6P7zotf0gJHwPUhQxZ/mF8tr6acebT9yw==",
      "cpu": [
        "x64"
      ],
      "license": "MIT",
      "optional": true,
      "os": [
        "win32"
      ],
      "engines": {
        "node": "^20.19.0 || >=22.12.0"
      }
    },
    "node_modules/@rolldown/pluginutils": {
      "version": "1.0.1",
      "resolved": "https://registry.npmjs.org/@rolldown/pluginutils/-/pluginutils-1.0.1.tgz",
      "integrity": "sha512-2j9bGt5Jh8hj+vPtgzPtl72j0yRxHAyumoo6TNfAjsLB04UtpSvPbPcDcBMxz7n+9CYB0c1GxQFxYRg2jimqGw==",
      "license": "MIT"
    },
    "node_modules/@types/node": {
      "version": "24.13.3",
      "resolved": "https://registry.npmjs.org/@types/node/-/node-24.13.3.tgz",
      "integrity": "sha512-Dh8vAsV36ig5wa9OX4pXvMc9D3Veibfw2wix0CUwYODLD8nkj9UsLjASr49nPg+2eKzxhBV+v7L8pXvT4e639Q==",
      "dev": true,
      "license": "MIT",
      "dependencies": {
        "undici-types": "~7.18.0"
      }
    },
    "node_modules/create-cocoframe": {
      "resolved": "packages/create-cocoframe",
      "link": true
    },
    "node_modules/fsevents": {
      "version": "2.3.2",
      "resolved": "https://registry.npmjs.org/fsevents/-/fsevents-2.3.2.tgz",
      "integrity": "sha512-xiqMQR4xAeHTuB9uWm+fFRcIOgKBMiOBP+eXiyT7jsgVCq1bkVygt00oASowB7EdtpOHaaPgKt812P9ab+DDKA==",
      "dev": true,
      "hasInstallScript": true,
      "license": "MIT",
      "optional": true,
      "os": [
        "darwin"
      ],
      "engines": {
        "node": "^8.16.0 || ^10.6.0 || >=11.0.0"
      }
    },
    "node_modules/playwright": {
      "version": "1.62.1",
      "resolved": "https://registry.npmjs.org/playwright/-/playwright-1.62.1.tgz",
      "integrity": "sha512-0M+L3LAD8/nm554LOla9Ayx0j0tmFZ0FBcoQ7F1VuVHpM/XpiC8RcDzBQB8W5+hA8L22THxELzeF+2WcUzvcLg==",
      "dev": true,
      "license": "Apache-2.0",
      "dependencies": {
        "playwright-core": "1.62.1"
      },
      "bin": {
        "playwright": "cli.js"
      },
      "engines": {
        "node": ">=20"
      },
      "optionalDependencies": {
        "fsevents": "2.3.2"
      }
    },
    "node_modules/playwright-core": {
      "version": "1.62.1",
      "resolved": "https://registry.npmjs.org/playwright-core/-/playwright-core-1.62.1.tgz",
      "integrity": "sha512-wPYSwEBJY9GHraISXqyqtx0na0LpO3XEX7jNDhntbex7tzUS7kLnZsOlFruFJB4Hi/rhDMjXGqHewDZ68nYZVw==",
      "dev": true,
      "license": "Apache-2.0",
      "bin": {
        "playwright-core": "cli.js"
      },
      "engines": {
        "node": ">=20"
      }
    },
    "node_modules/rolldown": {
      "version": "1.2.5",
      "resolved": "https://registry.npmjs.org/rolldown/-/rolldown-1.2.5.tgz",
      "integrity": "sha512-VD2IE5PUG4Oj8zz2VGykiYd5wbnjdIiSsNQb8Qu5B+noEp+A78mu2iVvpp27g8es14Tk9rofNs5Tku9iQCS4fA==",
      "license": "MIT",
      "dependencies": {
        "@oxc-project/types": "=0.146.0",
        "@rolldown/pluginutils": "^1.0.0"
      },
      "bin": {
        "rolldown": "bin/cli.mjs"
      },
      "engines": {
        "node": "^20.19.0 || >=22.12.0"
      },
      "optionalDependencies": {
        "@rolldown/binding-android-arm-eabi": "1.2.5",
        "@rolldown/binding-android-arm64": "1.2.5",
        "@rolldown/binding-darwin-arm64": "1.2.5",
        "@rolldown/binding-darwin-x64": "1.2.5",
        "@rolldown/binding-freebsd-x64": "1.2.5",
        "@rolldown/binding-linux-arm-gnueabihf": "1.2.5",
        "@rolldown/binding-linux-arm64-gnu": "1.2.5",
        "@rolldown/binding-linux-arm64-musl": "1.2.5",
        "@rolldown/binding-linux-ppc64-gnu": "1.2.5",
        "@rolldown/binding-linux-s390x-gnu": "1.2.5",
        "@rolldown/binding-linux-x64-gnu": "1.2.5",
        "@rolldown/binding-linux-x64-musl": "1.2.5",
        "@rolldown/binding-openharmony-arm64": "1.2.5",
        "@rolldown/binding-win32-arm64-msvc": "1.2.5",
        "@rolldown/binding-win32-x64-msvc": "1.2.5"
      }
    },
    "node_modules/typescript": {
      "version": "5.9.3",
      "resolved": "https://registry.npmjs.org/typescript/-/typescript-5.9.3.tgz",
      "integrity": "sha512-jl1vZzPDinLr9eUt3J/t7V6FgNEw9QjvBPdysz9KfQDD41fQrC2Y4vKQdiaUpFT4bXlb1RHhLpp8wtm6M5TgSw==",
      "dev": true,
      "license": "Apache-2.0",
      "bin": {
        "tsc": "bin/tsc",
        "tsserver": "bin/tsserver"
      },
      "engines": {
        "node": ">=14.17"
      }
    },
    "node_modules/undici-types": {
      "version": "7.18.2",
      "resolved": "https://registry.npmjs.org/undici-types/-/undici-types-7.18.2.tgz",
      "integrity": "sha512-AsuCzffGHJybSaRrmr5eHr81mwJU3kjw6M+uprWvCXiNeN9SOGwQ3Jn8jb8m3Z6izVgknn1R0FTCEAP2QrLY/w==",
      "dev": true,
      "license": "MIT"
    },
    "node_modules/zod": {
      "version": "4.4.3",
      "resolved": "https://registry.npmjs.org/zod/-/zod-4.4.3.tgz",
      "integrity": "sha512-ytENFjIJFl2UwYglde2jchW2Hwm4GJFLDiSXWdTrJQBIN9Fcyp7n4DhxJEiWNAJMV1/BqWfW/kkg71UDcHJyTQ==",
      "license": "MIT",
      "funding": {
        "url": "https://github.com/sponsors/colinhacks"
      }
    },
    "packages/agent": {
      "name": "@cocoframe/agent",
      "version": "0.0.2",
      "dependencies": {
        "@cocoframe/cocoref": "0.0.1",
        "@cocoframe/qa": "0.0.2",
        "@cocoframe/specs": "0.0.1",
        "@modelcontextprotocol/server": "^2.0.0",
        "zod": "^4.4.3"
      }
    },
    "packages/auth": {
      "name": "@cocoframe/auth",
      "version": "0.0.4",
      "dependencies": {
        "@cocoframe/core": "0.0.4"
      }
    },
    "packages/cli": {
      "name": "@cocoframe/cli",
      "version": "0.0.7",
      "dependencies": {
        "@cocoframe/agent": "0.0.2",
        "@cocoframe/client": "0.0.4",
        "@cocoframe/cocoref": "0.0.1",
        "@cocoframe/core": "0.0.4",
        "@cocoframe/qa": "0.0.2",
        "@cocoframe/server-node": "0.0.3",
        "@cocoframe/specs": "0.0.1",
        "@cocoframe/ui": "0.0.4",
        "rolldown": "^1.0.0"
      },
      "bin": {
        "cocoframe": "src/main.ts"
      }
    },
    "packages/client": {
      "name": "@cocoframe/client",
      "version": "0.0.4",
      "dependencies": {
        "@cocoframe/jsx": "0.0.3"
      }
    },
    "packages/cocoql": {
      "name": "@cocoframe/cocoql",
      "version": "0.1.2"
    },
    "packages/cocoref": {
      "name": "@cocoframe/cocoref",
      "version": "0.0.1"
    },
    "packages/core": {
      "name": "@cocoframe/core",
      "version": "0.0.4",
      "dependencies": {
        "@cocoframe/jsx": "0.0.3",
        "@cocoframe/router": "0.0.3",
        "@cocoframe/schema": "0.0.3"
      }
    },
    "packages/create-cocoframe": {
      "version": "0.0.7",
      "license": "GPL-3.0-only",
      "bin": {
        "create-cocoframe": "src/cli.js"
      },
      "engines": {
        "node": ">=24"
      }
    },
    "packages/database": {
      "name": "@cocoframe/database",
      "version": "0.0.3"
    },
    "packages/database-postgres": {
      "name": "@cocoframe/database-postgres",
      "version": "0.0.3",
      "dependencies": {
        "@cocoframe/database": "0.0.3"
      }
    },
    "packages/database-sqlite": {
      "name": "@cocoframe/database-sqlite",
      "version": "0.0.3",
      "dependencies": {
        "@cocoframe/database": "0.0.3"
      }
    },
    "packages/forms": {
      "name": "@cocoframe/forms",
      "version": "0.0.4",
      "dependencies": {
        "@cocoframe/core": "0.0.4",
        "@cocoframe/jsx": "0.0.3",
        "@cocoframe/schema": "0.0.3",
        "@cocoframe/security": "0.0.4"
      }
    },
    "packages/icons": {
      "name": "@cocoframe/icons",
      "version": "0.0.3",
      "license": "MIT",
      "dependencies": {
        "@cocoframe/jsx": "0.0.3"
      }
    },
    "packages/jsx": {
      "name": "@cocoframe/jsx",
      "version": "0.0.3"
    },
    "packages/observability": {
      "name": "@cocoframe/observability",
      "version": "0.0.4",
      "dependencies": {
        "@cocoframe/core": "0.0.4"
      }
    },
    "packages/qa": {
      "name": "@cocoframe/qa",
      "version": "0.0.2"
    },
    "packages/router": {
      "name": "@cocoframe/router",
      "version": "0.0.3"
    },
    "packages/schema": {
      "name": "@cocoframe/schema",
      "version": "0.0.3"
    },
    "packages/security": {
      "name": "@cocoframe/security",
      "version": "0.0.4",
      "dependencies": {
        "@cocoframe/core": "0.0.4"
      }
    },
    "packages/server-node": {
      "name": "@cocoframe/server-node",
      "version": "0.0.3"
    },
    "packages/server-web": {
      "name": "@cocoframe/server-web",
      "version": "0.0.4",
      "dependencies": {
        "@cocoframe/core": "0.0.4"
      }
    },
    "packages/specs": {
      "name": "@cocoframe/specs",
      "version": "0.0.1"
    },
    "packages/ui": {
      "name": "@cocoframe/ui",
      "version": "0.0.4",
      "dependencies": {
        "@cocoframe/icons": "0.0.3",
        "@cocoframe/jsx": "0.0.3"
      }
    }
  }
}
